// !$*UTF8*$!
{
	archiveVersion = 1;
	classes = {
	};
	objectVersion = 50;
	objects = {

/* Begin PBXBuildFile section */
		F0C09F3C221BCC6900564867 /* AppDelegate.m in Sources */ = {isa = PBXBuildFile; fileRef = F0C09F3B221BCC6900564867 /* AppDelegate.m */; };
		F0C09F3F221BCC6900564867 /* ViewController.m in Sources */ = {isa = PBXBuildFile; fileRef = F0C09F3E221BCC6900564867 /* ViewController.m */; };
		F0C09F42221BCC6900564867 /* Main.storyboard in Resources */ = {isa = PBXBuildFile; fileRef = F0C09F40221BCC6900564867 /* Main.storyboard */; };
		F0C09F44221BCC6C00564867 /* Assets.xcassets in Resources */ = {isa = PBXBuildFile; fileRef = F0C09F43221BCC6C00564867 /* Assets.xcassets */; };
		F0C09F47221BCC6C00564867 /* LaunchScreen.storyboard in Resources */ = {isa = PBXBuildFile; fileRef = F0C09F45221BCC6C00564867 /* LaunchScreen.storyboard */; };
		F0C09F4A221BCC6C00564867 /* main.m in Sources */ = {isa = PBXBuildFile; fileRef = F0C09F49221BCC6C00564867 /* main.m */; };
		F0C09F54221BCC6C00564867 /* WLMarketManagerTests.m in Sources */ = {isa = PBXBuildFile; fileRef = F0C09F53221BCC6C00564867 /* WLMarketManagerTests.m */; };
		F0C09F5F221BCC6C00564867 /* WLMarketManagerUITests.m in Sources */ = {isa = PBXBuildFile; fileRef = F0C09F5E221BCC6C00564867 /* WLMarketManagerUITests.m */; };
/* End PBXBuildFile section */

/* Begin PBXContainerItemProxy section */
		F0C09F50221BCC6C00564867 /* PBXContainerItemProxy */ = {
			isa = PBXContainerItemProxy;
			containerPortal = F0C09F2F221BCC6900564867 /* Project object */;
			proxyType = 1;
			remoteGlobalIDString = F0C09F36221BCC6900564867;
			remoteInfo = WLMarketManager;
		};
		F0C09F5B221BCC6C00564867 /* PBXContainerItemProxy */ = {
			isa = PBXContainerItemProxy;
			containerPortal = F0C09F2F221BCC6900564867 /* Project object */;
			proxyType = 1;
			remoteGlobalIDString = F0C09F36221BCC6900564867;
			remoteInfo = WLMarketManager;
		};
/* End PBXContainerItemProxy section */

/* Begin PBXFileReference section */
		F0C09F37221BCC6900564867 /* WLMarketManager.app */ = {isa = PBXFileReference; explicitFileType = wrapper.application; includeInIndex = 0; path = WLMarketManager.app; sourceTree = BUILT_PRODUCTS_DIR; };
		F0C09F3A221BCC6900564867 /* AppDelegate.h */ = {isa = PBXFileReference; lastKnownFileType = sourcecode.c.h; path = AppDelegate.h; sourceTree = "<group>"; };
		F0C09F3B221BCC6900564867 /* AppDelegate.m */ = {isa = PBXFileReference; lastKnownFileType = sourcecode.c.objc; path = AppDelegate.m; sourceTree = "<group>"; };
		F0C09F3D221BCC6900564867 /* ViewController.h */ = {isa = PBXFileReference; lastKnownFileType = sourcecode.c.h; path = ViewController.h; sourceTree = "<group>"; };
		F0C09F3E221BCC6900564867 /* ViewController.m */ = {isa = PBXFileReference; lastKnownFileType = sourcecode.c.objc; path = ViewController.m; sourceTree = "<group>"; };
		F0C09F41221BCC6900564867 /* Base */ = {isa = PBXFileReference; lastKnownFileType = file.storyboard; name = Base; path = Base.lproj/Main.storyboard; sourceTree = "<group>"; };
		F0C09F43221BCC6C00564867 /* Assets.xcassets */ = {isa = PBXFileReference; lastKnownFileType = folder.assetcatalog; path = Assets.xcassets; sourceTree = "<group>"; };
		F0C09F46221BCC6C00564867 /* Base */ = {isa = PBXFileReference; lastKnownFileType = file.storyboard; name = Base; path = Base.lproj/LaunchScreen.storyboard; sourceTree = "<group>"; };
		F0C09F48221BCC6C00564867 /* Info.plist */ = {isa = PBXFileReference; lastKnownFileType = text.plist.xml; path = Info.plist; sourceTree = "<group>"; };
		F0C09F49221BCC6C00564867 /* main.m */ = {isa = PBXFileReference; lastKnownFileType = sourcecode.c.objc; path = main.m; sourceTree = "<group>"; };
		F0C09F4F221BCC6C00564867 /* WLMarketManagerTests.xctest */ = {isa = PBXFileReference; explicitFileType = wrapper.cfbundle; includeInIndex = 0; path = WLMarketManagerTests.xctest; sourceTree = BUILT_PRODUCTS_DIR; };
		F0C09F53221BCC6C00564867 /* WLMarketManagerTests.m */ = {isa = PBXFileReference; lastKnownFileType = sourcecode.c.objc; path = WLMarketManagerTests.m; sourceTree = "<group>"; };
		F0C09F55221BCC6C00564867 /* Info.plist */ = {isa = PBXFileReference; lastKnownFileType = text.plist.xml; path = Info.plist; sourceTree = "<group>"; };
		F0C09F5A221BCC6C00564867 /* WLMarketManagerUITests.xctest */ = {isa = PBXFileReference; explicitFileType = wrapper.cfbundle; includeInIndex = 0; path = WLMarketManagerUITests.xctest; sourceTree = BUILT_PRODUCTS_DIR; };
		F0C09F5E221BCC6C00564867 /* WLMarketManagerUITests.m */ = {isa = PBXFileReference; lastKnownFileType = sourcecode.c.objc; path = WLMarketManagerUITests.m; sourceTree = "<group>"; };
		F0C09F60221BCC6C00564867 /* Info.plist */ = {isa = PBXFileReference; lastKnownFileType = text.plist.xml; path = Info.plist; sourceTree = "<group>"; };
/* End PBXFileReference section */

/* Begin PBXFrameworksBuildPhase section */
		F0C09F34221BCC6900564867 /* Frameworks */ = {
			isa = PBXFrameworksBuildPhase;
			buildActionMask = 2147483647;
			files = (
			);
			runOnlyForDeploymentPostprocessing = 0;
		};
		F0C09F4C221BCC6C00564867 /* Frameworks */ = {
			isa = PBXFrameworksBuildPhase;
			buildActionMask = 2147483647;
			files = (
			);
			runOnlyForDeploymentPostprocessing = 0;
		};
		F0C09F57221BCC6C00564867 /* Frameworks */ = {
			isa = PBXFrameworksBuildPhase;
			buildActionMask = 2147483647;
			files = (
			);
			runOnlyForDeploymentPostprocessing = 0;
		};
/* End PBXFrameworksBuildPhase section */

/* Begin PBXGroup section */
		F0C09F2E221BCC6900564867 = {
			isa = PBXGroup;
			children = (
				F0C09F39221BCC6900564867 /* WLMarketManager */,
				F0C09F52221BCC6C00564867 /* WLMarketManagerTests */,
				F0C09F5D221BCC6C00564867 /* WLMarketManagerUITests */,
				F0C09F38221BCC6900564867 /* Products */,
			);
			sourceTree = "<group>";
		};
		F0C09F38221BCC6900564867 /* Products */ = {
			isa = PBXGroup;
			children = (
				F0C09F37221BCC6900564867 /* WLMarketManager.app */,
				F0C09F4F221BCC6C00564867 /* WLMarketManagerTests.xctest */,
				F0C09F5A221BCC6C00564867 /* WLMarketManagerUITests.xctest */,
			);
			name = Products;
			sourceTree = "<group>";
		};
		F0C09F39221BCC6900564867 /* WLMarketManager */ = {
			isa = PBXGroup;
			children = (
				F0C09F3A221BCC6900564867 /* AppDelegate.h */,
				F0C09F3B221BCC6900564867 /* AppDelegate.m */,
				F0C09F3D221BCC6900564867 /* ViewController.h */,
				F0C09F3E221BCC6900564867 /* ViewController.m */,
				F0C09F40221BCC6900564867 /* Main.storyboard */,
				F0C09F43221BCC6C00564867 /* Assets.xcassets */,
				F0C09F45221BCC6C00564867 /* LaunchScreen.storyboard */,
				F0C09F48221BCC6C00564867 /* Info.plist */,
				F0C09F49221BCC6C00564867 /* main.m */,
			);
			path = WLMarketManager;
			sourceTree = "<group>";
		};
		F0C09F52221BCC6C00564867 /* WLMarketManagerTests */ = {
			isa = PBXGroup;
			children = (
				F0C09F53221BCC6C00564867 /* WLMarketManagerTests.m */,
				F0C09F55221BCC6C00564867 /* Info.plist */,
			);
			path = WLMarketManagerTests;
			sourceTree = "<group>";
		};
		F0C09F5D221BCC6C00564867 /* WLMarketManagerUITests */ = {
			isa = PBXGroup;
			children = (
				F0C09F5E221BCC6C00564867 /* WLMarketManagerUITests.m */,
				F0C09F60221BCC6C00564867 /* Info.plist */,
			);
			path = WLMarketManagerUITests;
			sourceTree = "<group>";
		};
/* End PBXGroup section */

/* Begin PBXNativeTarget section */
		F0C09F36221BCC6900564867 /* WLMarketManager */ = {
			isa = PBXNativeTarget;
			buildConfigurationList = F0C09F63221BCC6C00564867 /* Build configuration list for PBXNativeTarget "WLMarketManager" */;
			buildPhases = (
				F0C09F33221BCC6900564867 /* Sources */,
				F0C09F34221BCC6900564867 /* Frameworks */,
				F0C09F35221BCC6900564867 /* Resources */,
			);
			buildRules = (
			);
			dependencies = (
			);
			name = WLMarketManager;
			productName = WLMarketManager;
			productReference = F0C09F37221BCC6900564867 /* WLMarketManager.app */;
			productType = "com.apple.product-type.application";
		};
		F0C09F4E221BCC6C00564867 /* WLMarketManagerTests */ = {
			isa = PBXNativeTarget;
			buildConfigurationList = F0C09F66221BCC6C00564867 /* Build configuration list for PBXNativeTarget "WLMarketManagerTests" */;
			buildPhases = (
				F0C09F4B221BCC6C00564867 /* Sources */,
				F0C09F4C221BCC6C00564867 /* Frameworks */,
				F0C09F4D221BCC6C00564867 /* Resources */,
			);
			buildRules = (
			);
			dependencies = (
				F0C09F51221BCC6C00564867 /* PBXTargetDependency */,
			);
			name = WLMarketManagerTests;
			productName = WLMarketManagerTests;
			productReference = F0C09F4F221BCC6C00564867 /* WLMarketManagerTests.xctest */;
			productType = "com.apple.product-type.bundle.unit-test";
		};
		F0C09F59221BCC6C00564867 /* WLMarketManagerUITests */ = {
			isa = PBXNativeTarget;
			buildConfigurationList = F0C09F69221BCC6C00564867 /* Build configuration list for PBXNativeTarget "WLMarketManagerUITests" */;
			buildPhases = (
				F0C09F56221BCC6C00564867 /* Sources */,
				F0C09F57221BCC6C00564867 /* Frameworks */,
				F0C09F58221BCC6C00564867 /* Resources */,
			);
			buildRules = (
			);
			dependencies = (
				F0C09F5C221BCC6C00564867 /* PBXTargetDependency */,
			);
			name = WLMarketManagerUITests;
			productName = WLMarketManagerUITests;
			productReference = F0C09F5A221BCC6C00564867 /* WLMarketManagerUITests.xctest */;
			productType = "com.apple.product-type.bundle.ui-testing";
		};
/* End PBXNativeTarget section */

/* Begin PBXProject section */
		F0C09F2F221BCC6900564867 /* Project object */ = {
			isa = PBXProject;
			attributes = {
				LastUpgradeCheck = 1010;
				ORGANIZATIONNAME = FanLai;
				TargetAttributes = {
					F0C09F36221BCC6900564867 = {
						CreatedOnToolsVersion = 10.1;
					};
					F0C09F4E221BCC6C00564867 = {
						CreatedOnToolsVersion = 10.1;
						TestTargetID = F0C09F36221BCC6900564867;
					};
					F0C09F59221BCC6C00564867 = {
						CreatedOnToolsVersion = 10.1;
						TestTargetID = F0C09F36221BCC6900564867;
					};
				};
			};
			buildConfigurationList = F0C09F32221BCC6900564867 /* Build configuration list for PBXProject "WLMarketManager" */;
			compatibilityVersion = "Xcode 9.3";
			developmentRegion = en;
			hasScannedForEncodings = 0;
			knownRegions = (
				en,
				Base,
			);
			mainGroup = F0C09F2E221BCC6900564867;
			productRefGroup = F0C09F38221BCC6900564867 /* Products */;
			projectDirPath = "";
			projectRoot = "";
			targets = (
				F0C09F36221BCC6900564867 /* WLMarketManager */,
				F0C09F4E221BCC6C00564867 /* WLMarketManagerTests */,
				F0C09F59221BCC6C00564867 /* WLMarketManagerUITests */,
			);
		};
/* End PBXProject section */

/* Begin PBXResourcesBuildPhase section */
		F0C09F35221BCC6900564867 /* Resources */ = {
			isa = PBXResourcesBuildPhase;
			buildActionMask = 2147483647;
			files = (
				F0C09F47221BCC6C00564867 /* LaunchScreen.storyboard in Resources */,
				F0C09F44221BCC6C00564867 /* Assets.xcassets in Resources */,
				F0C09F42221BCC6900564867 /* Main.storyboard in Resources */,
			);
			runOnlyForDeploymentPostprocessing = 0;
		};
		F0C09F4D221BCC6C00564867 /* Resources */ = {
			isa = PBXResourcesBuildPhase;
			buildActionMask = 2147483647;
			files = (
			);
			runOnlyForDeploymentPostprocessing = 0;
		};
		F0C09F58221BCC6C00564867 /* Resources */ = {
			isa = PBXResourcesBuildPhase;
			buildActionMask = 2147483647;
			files = (
			);
			runOnlyForDeploymentPostprocessing = 0;
		};
/* End PBXResourcesBuildPhase section */

/* Begin PBXSourcesBuildPhase section */
		F0C09F33221BCC6900564867 /* Sources */ = {
			isa = PBXSourcesBuildPhase;
			buildActionMask = 2147483647;
			files = (
				F0C09F3F221BCC6900564867 /* ViewController.m in Sources */,
				F0C09F4A221BCC6C00564867 /* main.m in Sources */,
				F0C09F3C221BCC6900564867 /* AppDelegate.m in Sources */,
			);
			runOnlyForDeploymentPostprocessing = 0;
		};
		F0C09F4B221BCC6C00564867 /* Sources */ = {
			isa = PBXSourcesBuildPhase;
			buildActionMask = 2147483647;
			files = (
				F0C09F54221BCC6C00564867 /* WLMarketManagerTests.m in Sources */,
			);
			runOnlyForDeploymentPostprocessing = 0;
		};
		F0C09F56221BCC6C00564867 /* Sources */ = {
			isa = PBXSourcesBuildPhase;
			buildActionMask = 2147483647;
			files = (
				F0C09F5F221BCC6C00564867 /* WLMarketManagerUITests.m in Sources */,
			);
			runOnlyForDeploymentPostprocessing = 0;
		};
/* End PBXSourcesBuildPhase section */

/* Begin PBXTargetDependency section */
		F0C09F51221BCC6C00564867 /* PBXTargetDependency */ = {
			isa = PBXTargetDependency;
			target = F0C09F36221BCC6900564867 /* WLMarketManager */;
			targetProxy = F0C09F50221BCC6C00564867 /* PBXContainerItemProxy */;
		};
		F0C09F5C221BCC6C00564867 /* PBXTargetDependency */ = {
			isa = PBXTargetDependency;
			target = F0C09F36221BCC6900564867 /* WLMarketManager */;
			targetProxy = F0C09F5B221BCC6C00564867 /* PBXContainerItemProxy */;
		};
/* End PBXTargetDependency section */

/* Begin PBXVariantGroup section */
		F0C09F40221BCC6900564867 /* Main.storyboard */ = {
			isa = PBXVariantGroup;
			children = (
				F0C09F41221BCC6900564867 /* Base */,
			);
			name = Main.storyboard;
			sourceTree = "<group>";
		};
		F0C09F45221BCC6C00564867 /* LaunchScreen.storyboard */ = {
			isa = PBXVariantGroup;
			children = (
				F0C09F46221BCC6C00564867 /* Base */,
			);
			name = LaunchScreen.storyboard;
			sourceTree = "<group>";
		};
/* End PBXVariantGroup section */

/* Begin XCBuildConfiguration section */
		F0C09F61221BCC6C00564867 /* Debug */ = {
			isa = XCBuildConfiguration;
			buildSettings = {
				ALWAYS_SEARCH_USER_PATHS = NO;
				CLANG_ANALYZER_NONNULL = YES;
				CLANG_ANALYZER_NUMBER_OBJECT_CONVERSION = YES_AGGRESSIVE;
				CLANG_CXX_LANGUAGE_STANDARD = "gnu++14";
				CLANG_CXX_LIBRARY = "libc++";
				CLANG_ENABLE_MODULES = YES;
				CLANG_ENABLE_OBJC_ARC = YES;
				CLANG_ENABLE_OBJC_WEAK = YES;
				CLANG_WARN_BLOCK_CAPTURE_AUTORELEASING = YES;
				CLANG_WARN_BOOL_CONVERSION = YES;
				CLANG_WARN_COMMA = YES;
				CLANG_WARN_CONSTANT_CONVERSION = YES;
				CLANG_WARN_DEPRECATED_OBJC_IMPLEMENTATIONS = YES;
				CLANG_WARN_DIRECT_OBJC_ISA_USAGE = YES_ERROR;
				CLANG_WARN_DOCUMENTATION_COMMENTS = YES;
				CLANG_WARN_EMPTY_BODY = YES;
				CLANG_WARN_ENUM_CONVERSION = YES;
				CLANG_WARN_INFINITE_RECURSION = YES;
				CLANG_WARN_INT_CONVERSION = YES;
				CLANG_WARN_NON_LITERAL_NULL_CONVERSION = YES;
				CLANG_WARN_OBJC_IMPLICIT_RETAIN_SELF = YES;
				CLANG_WARN_OBJC_LITERAL_CONVERSION = YES;
				CLANG_WARN_OBJC_ROOT_CLASS = YES_ERROR;
				CLANG_WARN_RANGE_LOOP_ANALYSIS = YES;
				CLANG_WARN_STRICT_PROTOTYPES = YES;
				CLANG_WARN_SUSPICIOUS_MOVE = YES;
				CLANG_WARN_UNGUARDED_AVAILABILITY = YES_AGGRESSIVE;
				CLANG_WARN_UNREACHABLE_CODE = YES;
				CLANG_WARN__DUPLICATE_METHOD_MATCH = YES;
				CODE_SIGN_IDENTITY = "iPhone Developer";
				COPY_PHASE_STRIP = NO;
				DEBUG_INFORMATION_FORMAT = dwarf;
				ENABLE_STRICT_OBJC_MSGSEND = YES;
				ENABLE_TESTABILITY = YES;
				GCC_C_LANGUAGE_STANDARD = gnu11;
				GCC_DYNAMIC_NO_PIC = NO;
				GCC_NO_COMMON_BLOCKS = YES;
				GCC_OPTIMIZATION_LEVEL = 0;
				GCC_PREPROCESSOR_DEFINITIONS = (
					"DEBUG=1",
					"$(inherited)",
				);
				GCC_WARN_64_TO_32_BIT_CONVERSION = YES;
				GCC_WARN_ABOUT_RETURN_TYPE = YES_ERROR;
				GCC_WARN_UNDECLARED_SELECTOR = YES;
				GCC_WARN_UNINITIALIZED_AUTOS = YES_AGGRESSIVE;
				GCC_WARN_UNUSED_FUNCTION = YES;
				GCC_WARN_UNUSED_VARIABLE = YES;
				IPHONEOS_DEPLOYMENT_TARGET = 12.1;
				MTL_ENABLE_DEBUG_INFO = INCLUDE_SOURCE;
				MTL_FAST_MATH = YES;
				ONLY_ACTIVE_ARCH = YES;
				SDKROOT = iphoneos;
			};
			name = Debug;
		};
		F0C09F62221BCC6C00564867 /* Release */ = {
			isa = XCBuildConfiguration;
			buildSettings = {
				ALWAYS_SEARCH_USER_PATHS = NO;
				CLANG_ANALYZER_NONNULL = YES;
				CLANG_ANALYZER_NUMBER_OBJECT_CONVERSION = YES_AGGRESSIVE;
				CLANG_CXX_LANGUAGE_STANDARD = "gnu++14";
				CLANG_CXX_LIBRARY = "libc++";
				CLANG_ENABLE_MODULES = YES;
				CLANG_ENABLE_OBJC_ARC = YES;
				CLANG_ENABLE_OBJC_WEAK = YES;
				CLANG_WARN_BLOCK_CAPTURE_AUTORELEASING = YES;
				CLANG_WARN_BOOL_CONVERSION = YES;
				CLANG_WARN_COMMA = YES;
				CLANG_WARN_CONSTANT_CONVERSION = YES;
				CLANG_WARN_DEPRECATED_OBJC_IMPLEMENTATIONS = YES;
				CLANG_WARN_DIRECT_OBJC_ISA_USAGE = YES_ERROR;
				CLANG_WARN_DOCUMENTATION_COMMENTS = YES;
				CLANG_WARN_EMPTY_BODY = YES;
				CLANG_WARN_ENUM_CONVERSION = YES;
				CLANG_WARN_INFINITE_RECURSION = YES;
				CLANG_WARN_INT_CONVERSION = YES;
				CLANG_WARN_NON_LITERAL_NULL_CONVERSION = YES;
				CLANG_WARN_OBJC_IMPLICIT_RETAIN_SELF = YES;
				CLANG_WARN_OBJC_LITERAL_CONVERSION = YES;
				CLANG_WARN_OBJC_ROOT_CLASS = YES_ERROR;
				CLANG_WARN_RANGE_LOOP_ANALYSIS = YES;
				CLANG_WARN_STRICT_PROTOTYPES = YES;
				CLANG_WARN_SUSPICIOUS_MOVE = YES;
				CLANG_WARN_UNGUARDED_AVAILABILITY = YES_AGGRESSIVE;
				CLANG_WARN_UNREACHABLE_CODE = YES;
				CLANG_WARN__DUPLICATE_METHOD_MATCH = YES;
				CODE_SIGN_IDENTITY = "iPhone Developer";
				COPY_PHASE_STRIP = NO;
				DEBUG_INFORMATION_FORMAT = "dwarf-with-dsym";
				ENABLE_NS_ASSERTIONS = NO;
				ENABLE_STRICT_OBJC_MSGSEND = YES;
				GCC_C_LANGUAGE_STANDARD = gnu11;
				GCC_NO_COMMON_BLOCKS = YES;
				GCC_WARN_64_TO_32_BIT_CONVERSION = YES;
				GCC_WARN_ABOUT_RETURN_TYPE = YES_ERROR;
				GCC_WARN_UNDECLARED_SELECTOR = YES;
				GCC_WARN_UNINITIALIZED_AUTOS = YES_AGGRESSIVE;
				GCC_WARN_UNUSED_FUNCTION = YES;
				GCC_WARN_UNUSED_VARIABLE = YES;
				IPHONEOS_DEPLOYMENT_TARGET = 12.1;
				MTL_ENABLE_DEBUG_INFO = NO;
				MTL_FAST_MATH = YES;
				SDKROOT = iphoneos;
				VALIDATE_PRODUCT = YES;
			};
			name = Release;
		};
		F0C09F64221BCC6C00564867 /* Debug */ = {
			isa = XCBuildConfiguration;
			buildSettings = {
				ASSETCATALOG_COMPILER_APPICON_NAME = AppIcon;
				CODE_SIGN_STYLE = Automatic;
				DEVELOPMENT_TEAM = 7THY7C5S7T;
				INFOPLIST_FILE = WLMarketManager/Info.plist;
				LD_RUNPATH_SEARCH_PATHS = (
					"$(inherited)",
					"@executable_path/Frameworks",
				);
				PRODUCT_BUNDLE_IDENTIFIER = com.fanlai.WLMarketManager;
				PRODUCT_NAME = "$(TARGET_NAME)";
				TARGETED_DEVICE_FAMILY = "1,2";
			};
			name = Debug;
		};
		F0C09F65221BCC6C00564867 /* Release */ = {
			isa = XCBuildConfiguration;
			buildSettings = {
				ASSETCATALOG_COMPILER_APPICON_NAME = AppIcon;
				CODE_SIGN_STYLE = Automatic;
				DEVELOPMENT_TEAM = 7THY7C5S7T;
				INFOPLIST_FILE = WLMarketManager/Info.plist;
				LD_RUNPATH_SEARCH_PATHS = (
					"$(inherited)",
					"@executable_path/Frameworks",
				);
				PRODUCT_BUNDLE_IDENTIFIER = com.fanlai.WLMarketManager;
				PRODUCT_NAME = "$(TARGET_NAME)";
				TARGETED_DEVICE_FAMILY = "1,2";
			};
			name = Release;
		};
		F0C09F67221BCC6C00564867 /* Debug */ = {
			isa = XCBuildConfiguration;
			buildSettings = {
				BUNDLE_LOADER = "$(TEST_HOST)";
				CODE_SIGN_STYLE = Automatic;
				DEVELOPMENT_TEAM = 7THY7C5S7T;
				INFOPLIST_FILE = WLMarketManagerTests/Info.plist;
				LD_RUNPATH_SEARCH_PATHS = (
					"$(inherited)",
					"@executable_path/Frameworks",
					"@loader_path/Frameworks",
				);
				PRODUCT_BUNDLE_IDENTIFIER = com.fanlai.WLMarketManagerTests;
				PRODUCT_NAME = "$(TARGET_NAME)";
				TARGETED_DEVICE_FAMILY = "1,2";
				TEST_HOST = "$(BUILT_PRODUCTS_DIR)/WLMarketManager.app/WLMarketManager";
			};
			name = Debug;
		};
		F0C09F68221BCC6C00564867 /* Release */ = {
			isa = XCBuildConfiguration;
			buildSettings = {
				BUNDLE_LOADER = "$(TEST_HOST)";
				CODE_SIGN_STYLE = Automatic;
				DEVELOPMENT_TEAM = 7THY7C5S7T;
				INFOPLIST_FILE = WLMarketManagerTests/Info.plist;
				LD_RUNPATH_SEARCH_PATHS = (
					"$(inherited)",
					"@executable_path/Frameworks",
					"@loader_path/Frameworks",
				);
				PRODUCT_BUNDLE_IDENTIFIER = com.fanlai.WLMarketManagerTests;
				PRODUCT_NAME = "$(TARGET_NAME)";
				TARGETED_DEVICE_FAMILY = "1,2";
				TEST_HOST = "$(BUILT_PRODUCTS_DIR)/WLMarketManager.app/WLMarketManager";
			};
			name = Release;
		};
		F0C09F6A221BCC6C00564867 /* Debug */ = {
			isa = XCBuildConfiguration;
			buildSettings = {
				CODE_SIGN_STYLE = Automatic;
				DEVELOPMENT_TEAM = 7THY7C5S7T;
				INFOPLIST_FILE = WLMarketManagerUITests/Info.plist;
				LD_RUNPATH_SEARCH_PATHS = (
					"$(inherited)",
					"@executable_path/Frameworks",
					"@loader_path/Frameworks",
				);
				PRODUCT_BUNDLE_IDENTIFIER = com.fanlai.WLMarketManagerUITests;
				PRODUCT_NAME = "$(TARGET_NAME)";
				TARGETED_DEVICE_FAMILY = "1,2";
				TEST_TARGET_NAME = WLMarketManager;
			};
			name = Debug;
		};
		F0C09F6B221BCC6C00564867 /* Release */ = {
			isa = XCBuildConfiguration;
			buildSettings = {
				CODE_SIGN_STYLE = Automatic;
				DEVELOPMENT_TEAM = 7THY7C5S7T;
				INFOPLIST_FILE = WLMarketManagerUITests/Info.plist;
				LD_RUNPATH_SEARCH_PATHS = (
					"$(inherited)",
					"@executable_path/Frameworks",
					"@loader_path/Frameworks",
				);
				PRODUCT_BUNDLE_IDENTIFIER = com.fanlai.WLMarketManagerUITests;
				PRODUCT_NAME = "$(TARGET_NAME)";
				TARGETED_DEVICE_FAMILY = "1,2";
				TEST_TARGET_NAME = WLMarketManager;
			};
			name = Release;
		};
/* End XCBuildConfiguration section */

/* Begin XCConfigurationList section */
		F0C09F32221BCC6900564867 /* Build configuration list for PBXProject "WLMarketManager" */ = {
			isa = XCConfigurationList;
			buildConfigurations = (
				F0C09F61221BCC6C00564867 /* Debug */,
				F0C09F62221BCC6C00564867 /* Release */,
			);
			defaultConfigurationIsVisible = 0;
			defaultConfigurationName = Release;
		};
		F0C09F63221BCC6C00564867 /* Build configuration list for PBXNativeTarget "WLMarketManager" */ = {
			isa = XCConfigurationList;
			buildConfigurations = (
				F0C09F64221BCC6C00564867 /* Debug */,
				F0C09F65221BCC6C00564867 /* Release */,
			);
			defaultConfigurationIsVisible = 0;
			defaultConfigurationName = Release;
		};
		F0C09F66221BCC6C00564867 /* Build configuration list for PBXNativeTarget "WLMarketManagerTests" */ = {
			isa = XCConfigurationList;
			buildConfigurations = (
				F0C09F67221BCC6C00564867 /* Debug */,
				F0C09F68221BCC6C00564867 /* Release */,
			);
			defaultConfigurationIsVisible = 0;
			defaultConfigurationName = Release;
		};
		F0C09F69221BCC6C00564867 /* Build configuration list for PBXNativeTarget "WLMarketManagerUITests" */ = {
			isa = XCConfigurationList;
			buildConfigurations = (
				F0C09F6A221BCC6C00564867 /* Debug */,
				F0C09F6B221BCC6C00564867 /* Release */,
			);
			defaultConfigurationIsVisible = 0;
			defaultConfigurationName = Release;
		};
/* End XCConfigurationList section */
	};
	rootObject = F0C09F2F221BCC6900564867 /* Project object */;
}
